<?xml version="1.0" encoding="UTF-8"?>
<CONFIG>
  <ProjectOptions>
    <Version Value="12"/>
    <General>
      <Flags>
        <CompatibilityMode Value="True"/>
      </Flags>
      <Scaled Value="True"/>
      <ResourceType Value="res"/>
      <UseXPManifest Value="True"/>
      <XPManifest>
        <DpiAware Value="True"/>
        <TextName Value="MRIcro.fmrisim.AppName"/>
        <TextDesc Value="Show HRF"/>
      </XPManifest>
      <Icon Value="0"/>
    </General>
    <i18n>
      <EnableI18N LFM="False"/>
    </i18n>
    <BuildModes Count="1" Active="Default">
      <Item1 Name="Default" Default="True"/>
      <SharedMatrixOptions Count="2">
        <Item1 ID="036921265612" Type="IDEMacro" MacroName="LCLWidgetType" Value="cocoa"/>
        <Item2 ID="979192026532" Type="IDEMacro" MacroName="LCLWidgetType" Value="carbon"/>
      </SharedMatrixOptions>
    </BuildModes>
    <PublishOptions>
      <Version Value="2"/>
    </PublishOptions>
    <RunParams>
      <FormatVersion Value="2"/>
      <Modes Count="1">
        <Mode0 Name="default"/>
      </Modes>
    </RunParams>
    <RequiredPackages Count="1">
      <Item1>
        <PackageName Value="LCL"/>
      </Item1>
    </RequiredPackages>
    <Units Count="6">
      <Unit0>
        <Filename Value="fmrisim.lpr"/>
        <IsPartOfProject Value="True"/>
        <UsageCount Value="42"/>
      </Unit0>
      <Unit1>
        <Filename Value="gui.pas"/>
        <IsPartOfProject Value="True"/>
        <ComponentName Value="Form1"/>
        <HasResources Value="True"/>
        <ResourceBaseClass Value="Form"/>
        <TopLine Value="94"/>
        <CursorPos X="44" Y="102"/>
        <UsageCount Value="42"/>
        <Loaded Value="True"/>
        <LoadedDesigner Value="True"/>
      </Unit1>
      <Unit2>
        <Filename Value="main.pas"/>
        <IsPartOfProject Value="True"/>
        <IsVisibleTab Value="True"/>
        <EditorIndex Value="1"/>
        <TopLine Value="37"/>
        <CursorPos X="67" Y="50"/>
        <UsageCount Value="42"/>
        <Loaded Value="True"/>
      </Unit2>
      <Unit3>
        <Filename Value="/Developer/lazarus/lcl/include/pen.inc"/>
        <TopLine Value="137"/>
        <CursorPos Y="152"/>
        <UsageCount Value="16"/>
      </Unit3>
      <Unit4>
        <Filename Value="/Developer/lazarus/lcl/avglvltree.pas"/>
        <UnitName Value="AvgLvlTree"/>
        <TopLine Value="1192"/>
        <CursorPos X="20" Y="1090"/>
        <UsageCount Value="10"/>
      </Unit4>
      <Unit5>
        <Filename Value="../../Lazarus/lcl/interfaces/cocoa/cocoa_extra.pas"/>
        <UnitName Value="Cocoa_Extra"/>
        <EditorIndex Value="-1"/>
        <TopLine Value="10"/>
        <CursorPos X="78" Y="19"/>
        <UsageCount Value="10"/>
      </Unit5>
    </Units>
    <JumpHistory Count="30" HistoryIndex="29">
      <Position1>
        <Filename Value="main.pas"/>
        <Caret Line="194" Column="22" TopLine="174"/>
      </Position1>
      <Position2>
        <Filename Value="main.pas"/>
        <Caret Line="205" Column="52" TopLine="181"/>
      </Position2>
      <Position3>
        <Filename Value="main.pas"/>
        <Caret Line="393" Column="17" TopLine="373"/>
      </Position3>
      <Position4>
        <Filename Value="main.pas"/>
        <Caret Line="402" Column="54" TopLine="378"/>
      </Position4>
      <Position5>
        <Filename Value="main.pas"/>
        <Caret Line="1073" Column="24" TopLine="1048"/>
      </Position5>
      <Position6>
        <Filename Value="main.pas"/>
        <Caret Line="32" Column="19" TopLine="19"/>
      </Position6>
      <Position7>
        <Filename Value="main.pas"/>
        <Caret Line="193" Column="63" TopLine="173"/>
      </Position7>
      <Position8>
        <Filename Value="main.pas"/>
        <Caret Line="194" Column="59" TopLine="174"/>
      </Position8>
      <Position9>
        <Filename Value="main.pas"/>
        <Caret Line="198" Column="36" TopLine="176"/>
      </Position9>
      <Position10>
        <Filename Value="main.pas"/>
        <Caret Line="206" Column="67" TopLine="182"/>
      </Position10>
      <Position11>
        <Filename Value="main.pas"/>
        <Caret Line="394" Column="10" TopLine="373"/>
      </Position11>
      <Position12>
        <Filename Value="main.pas"/>
        <Caret Line="397" Column="36" TopLine="375"/>
      </Position12>
      <Position13>
        <Filename Value="main.pas"/>
        <Caret Line="410" Column="53" TopLine="386"/>
      </Position13>
      <Position14>
        <Filename Value="main.pas"/>
        <Caret Line="1080" Column="26" TopLine="1056"/>
      </Position14>
      <Position15>
        <Filename Value="main.pas"/>
        <Caret Line="282" Column="49" TopLine="266"/>
      </Position15>
      <Position16>
        <Filename Value="main.pas"/>
        <Caret Line="309" Column="50" TopLine="289"/>
      </Position16>
      <Position17>
        <Filename Value="main.pas"/>
        <Caret Line="317" Column="34" TopLine="297"/>
      </Position17>
      <Position18>
        <Filename Value="main.pas"/>
        <Caret Line="327" Column="37" TopLine="307"/>
      </Position18>
      <Position19>
        <Filename Value="main.pas"/>
        <Caret Line="338" Column="34" TopLine="318"/>
      </Position19>
      <Position20>
        <Filename Value="main.pas"/>
        <Caret Line="343" Column="50" TopLine="323"/>
      </Position20>
      <Position21>
        <Filename Value="main.pas"/>
        <Caret Line="192" Column="8" TopLine="174"/>
      </Position21>
      <Position22>
        <Filename Value="gui.pas"/>
        <Caret Line="271" Column="41" TopLine="264"/>
      </Position22>
      <Position23>
        <Filename Value="gui.pas"/>
        <Caret Line="277" Column="12" TopLine="264"/>
      </Position23>
      <Position24>
        <Filename Value="gui.pas"/>
        <Caret Line="69" Column="25" TopLine="57"/>
      </Position24>
      <Position25>
        <Filename Value="gui.pas"/>
        <Caret Line="102" Column="44" TopLine="94"/>
      </Position25>
      <Position26>
        <Filename Value="main.pas"/>
        <Caret Line="69" Column="3" TopLine="51"/>
      </Position26>
      <Position27>
        <Filename Value="main.pas"/>
        <Caret Line="423" Column="63" TopLine="419"/>
      </Position27>
      <Position28>
        <Filename Value="main.pas"/>
        <Caret Line="445" Column="59" TopLine="420"/>
      </Position28>
      <Position29>
        <Filename Value="main.pas"/>
        <Caret Line="537" TopLine="529"/>
      </Position29>
      <Position30>
        <Filename Value="main.pas"/>
        <Caret Line="554" Column="60" TopLine="542"/>
      </Position30>
    </JumpHistory>
  </ProjectOptions>
  <CompilerOptions>
    <Version Value="11"/>
    <Target>
      <Filename Value="fmrisim"/>
    </Target>
    <SearchPaths>
      <IncludeFiles Value="$(ProjOutDir)"/>
      <UnitOutputDirectory Value="lib/$(TargetCPU)-$(TargetOS)"/>
    </SearchPaths>
    <CodeGeneration>
      <Optimizations>
        <OptimizationLevel Value="3"/>
      </Optimizations>
    </CodeGeneration>
    <Linking>
      <Debugging>
        <GenerateDebugInfo Value="False"/>
        <DebugInfoType Value="dsDwarf2Set"/>
        <UseLineInfoUnit Value="False"/>
        <StripSymbols Value="True"/>
      </Debugging>
      <LinkSmart Value="True"/>
      <Options>
        <Win32>
          <GraphicApplication Value="True"/>
        </Win32>
      </Options>
    </Linking>
  </CompilerOptions>
  <Debugging>
    <Exceptions Count="3">
      <Item1>
        <Name Value="EAbort"/>
      </Item1>
      <Item2>
        <Name Value="ECodetoolError"/>
      </Item2>
      <Item3>
        <Name Value="EFOpenError"/>
      </Item3>
    </Exceptions>
  </Debugging>
</CONFIG>
